
Microsoft Visual Studio Solution File, Format Version 12.00
# Visual Studio Version 17
VisualStudioVersion = 17.12.35527.113
MinimumVisualStudioVersion = 10.0.40219.1
Project("{FAE04EC0-301F-11D3-BF4B-00C04F79EFBC}") = "Reflection", "Reflection\Reflection.csproj", "{A5A1A3DF-30A1-43F1-BCA6-C15C80A64C93}"
EndProject
Project("{FAE04EC0-301F-11D3-BF4B-00C04F79EFBC}") = "Linq", "Linq\Linq.csproj", "{CC9C64A2-2093-48AB-B42E-004AEF156C6D}"
EndProject
Global
	GlobalSection(SolutionConfigurationPlatforms) = preSolution
		Debug|Any CPU = Debug|Any CPU
		Release|Any CPU = Release|Any CPU
	EndGlobalSection
	GlobalSection(ProjectConfigurationPlatforms) = postSolution
		{A5A1A3DF-30A1-43F1-BCA6-C15C80A64C93}.Debug|Any CPU.ActiveCfg = Debug|Any CPU
		{A5A1A3DF-30A1-43F1-BCA6-C15C80A64C93}.Debug|Any CPU.Build.0 = Debug|Any CPU
		{A5A1A3DF-30A1-43F1-BCA6-C15C80A64C93}.Release|Any CPU.ActiveCfg = Release|Any CPU
		{A5A1A3DF-30A1-43F1-BCA6-C15C80A64C93}.Release|Any CPU.Build.0 = Release|Any CPU
		{CC9C64A2-2093-48AB-B42E-004AEF156C6D}.Debug|Any CPU.ActiveCfg = Debug|Any CPU
		{CC9C64A2-2093-48AB-B42E-004AEF156C6D}.Debug|Any CPU.Build.0 = Debug|Any CPU
		{CC9C64A2-2093-48AB-B42E-004AEF156C6D}.Release|Any CPU.ActiveCfg = Release|Any CPU
		{CC9C64A2-2093-48AB-B42E-004AEF156C6D}.Release|Any CPU.Build.0 = Release|Any CPU
	EndGlobalSection
	GlobalSection(SolutionProperties) = preSolution
		HideSolutionNode = FALSE
	EndGlobalSection
EndGlobal
